PODS:
  - CocoaAsyncSocket (7.3.4)
  - StompKit (0.1.1):
    - CocoaAsyncSocket (= 7.3.4)

DEPENDENCIES:
  - StompKit (from `https://github.com/mobile-web-messaging/StompKit.git`)

EXTERNAL SOURCES:
  StompKit:
    :git: https://github.com/mobile-web-messaging/StompKit.git

SPEC CHECKSUMS:
  CocoaAsyncSocket: 6607a16a17ce52c792840e212a6ad07729692765
  StompKit: b4cba9575a50fb61a405b8336412418ce84d5073

COCOAPODS: 0.32.1
