PODS:
  - CocoaAsyncSocket (7.3.2)
  - StompKit (0.1.1):
    - CocoaAsyncSocket (= 7.3.2)

DEPENDENCIES:
  - StompKit (from `https://github.com/mobile-web-messaging/StompKit.git`)

EXTERNAL SOURCES:
  StompKit:
    :git: https://github.com/mobile-web-messaging/StompKit.git

SPEC CHECKSUMS:
  CocoaAsyncSocket: 977404129ec8505fee1c3701956b769e3bb10ea7
  StompKit: 97f6848176bcc116318d6317d7c17be2f6262133

COCOAPODS: 0.26.2
